{
  "pins" : [
    {
      "identity" : "sentry-cocoa",
      "kind" : "remoteSourceControl",
      "location" : "https://github.com/getsentry/sentry-cocoa/",
      "state" : {
        "revision" : "3640aaf7849a9fc39996d777e6df866251bb98d6",
        "version" : "8.45.0"
      }
    }
  ],
  "version" : 2
}
